
Microsoft Visual Studio Solution File, Format Version 12.00
Project("{FAE04EC0-301F-11D3-BF4B-00C04F79EFBC}") = "AtomicHostileLabels", "AtomicHostileLabels.csproj", "{9ABA0CB8-33A8-459F-BED6-DEA343D07A81}"
EndProject
Global
	GlobalSection(SolutionConfigurationPlatforms) = preSolution
		Debug|Any CPU = Debug|Any CPU
		Release|Any CPU = Release|Any CPU
	EndGlobalSection
	GlobalSection(ProjectConfigurationPlatforms) = postSolution
		{9ABA0CB8-33A8-459F-BED6-DEA343D07A81}.Debug|Any CPU.ActiveCfg = Debug|Any CPU
		{9ABA0CB8-33A8-459F-BED6-DEA343D07A81}.Debug|Any CPU.Build.0 = Debug|Any CPU
		{9ABA0CB8-33A8-459F-BED6-DEA343D07A81}.Release|Any CPU.ActiveCfg = Release|Any CPU
		{9ABA0CB8-33A8-459F-BED6-DEA343D07A81}.Release|Any CPU.Build.0 = Release|Any CPU
	EndGlobalSection
EndGlobal
